// !$*UTF8*$!
{
	archiveVersion = 1;
	classes = {
	};
	objectVersion = 77;
	objects = {

/* Begin PBXContainerItemProxy section */
		EDC5E42D2F3F109F00E7D855 /* PBXContainerItemProxy */ = {
			isa = PBXContainerItemProxy;
			containerPortal = EDC5E4122F3F109C00E7D855 /* Project object */;
			proxyType = 1;
			remoteGlobalIDString = EDC5E4192F3F109C00E7D855;
			remoteInfo = Rocklog;
		};
		EDC5E4372F3F109F00E7D855 /* PBXContainerItemProxy */ = {
			isa = PBXContainerItemProxy;
			containerPortal = EDC5E4122F3F109C00E7D855 /* Project object */;
			proxyType = 1;
			remoteGlobalIDString = EDC5E4192F3F109C00E7D855;
			remoteInfo = Rocklog;
		};
/* End PBXContainerItemProxy section */

/* Begin PBXFileReference section */
		EDC5E41A2F3F109C00E7D855 /* Rocklog.app */ = {isa = PBXFileReference; explicitFileType = wrapper.application; includeInIndex = 0; path = Rocklog.app; sourceTree = BUILT_PRODUCTS_DIR; };
		EDC5E42C2F3F109F00E7D855 /* RocklogTests.xctest */ = {isa = PBXFileReference; explicitFileType = wrapper.cfbundle; includeInIndex = 0; path = RocklogTests.xctest; sourceTree = BUILT_PRODUCTS_DIR; };
		EDC5E4362F3F109F00E7D855 /* RocklogUITests.xctest */ = {isa = PBXFileReference; explicitFileType = wrapper.cfbundle; includeInIndex = 0; path = RocklogUITests.xctest; sourceTree = BUILT_PRODUCTS_DIR; };
/* End PBXFileReference section */

/* Begin PBXFileSystemSynchronizedRootGroup section */
		EDC5E41C2F3F109C00E7D855 /* Rocklog */ = {
			isa = PBXFileSystemSynchronizedRootGroup;
			path = Rocklog;
			sourceTree = "<group>";
		};
		EDC5E42F2F3F109F00E7D855 /* RocklogTests */ = {
			isa = PBXFileSystemSynchronizedRootGroup;
			path = RocklogTests;
			sourceTree = "<group>";
		};
		EDC5E4392F3F109F00E7D855 /* RocklogUITests */ = {
			isa = PBXFileSystemSynchronizedRootGroup;
			path = RocklogUITests;
			sourceTree = "<group>";
		};
/* End PBXFileSystemSynchronizedRootGroup section */

/* Begin PBXFrameworksBuildPhase section */
		EDC5E4172F3F109C00E7D855 /* Frameworks */ = {
			isa = PBXFrameworksBuildPhase;
			buildActionMask = 2147483647;
			files = (
			);
			runOnlyForDeploymentPostprocessing = 0;
		};
		EDC5E4292F3F109F00E7D855 /* Frameworks */ = {
			isa = PBXFrameworksBuildPhase;
			buildActionMask = 2147483647;
			files = (
			);
			runOnlyForDeploymentPostprocessing = 0;
		};
		EDC5E4332F3F109F00E7D855 /* Frameworks */ = {
			isa = PBXFrameworksBuildPhase;
			buildActionMask = 2147483647;
			files = (
			);
			runOnlyForDeploymentPostprocessing = 0;
		};
/* End PBXFrameworksBuildPhase section */

/* Begin PBXGroup section */
		EDC5E4112F3F109C00E7D855 = {
			isa = PBXGroup;
			children = (
				EDC5E41C2F3F109C00E7D855 /* Rocklog */,
				EDC5E42F2F3F109F00E7D855 /* RocklogTests */,
				EDC5E4392F3F109F00E7D855 /* RocklogUITests */,
				EDC5E41B2F3F109C00E7D855 /* Products */,
			);
			sourceTree = "<group>";
		};
		EDC5E41B2F3F109C00E7D855 /* Products */ = {
			isa = PBXGroup;
			children = (
				EDC5E41A2F3F109C00E7D855 /* Rocklog.app */,
				EDC5E42C2F3F109F00E7D855 /* RocklogTests.xctest */,
				EDC5E4362F3F109F00E7D855 /* RocklogUITests.xctest */,
			);
			name = Products;
			sourceTree = "<group>";
		};
/* End PBXGroup section */

/* Begin PBXNativeTarget section */
		EDC5E4192F3F109C00E7D855 /* Rocklog */ = {
			isa = PBXNativeTarget;
			buildConfigurationList = EDC5E4402F3F109F00E7D855 /* Build configuration list for PBXNativeTarget "Rocklog" */;
			buildPhases = (
				EDC5E4162F3F109C00E7D855 /* Sources */,
				EDC5E4172F3F109C00E7D855 /* Frameworks */,
				EDC5E4182F3F109C00E7D855 /* Resources */,
			);
			buildRules = (
			);
			dependencies = (
			);
			fileSystemSynchronizedGroups = (
				EDC5E41C2F3F109C00E7D855 /* Rocklog */,
			);
			name = Rocklog;
			packageProductDependencies = (
			);
			productName = Rocklog;
			productReference = EDC5E41A2F3F109C00E7D855 /* Rocklog.app */;
			productType = "com.apple.product-type.application";
		};
		EDC5E42B2F3F109F00E7D855 /* RocklogTests */ = {
			isa = PBXNativeTarget;
			buildConfigurationList = EDC5E4432F3F109F00E7D855 /* Build configuration list for PBXNativeTarget "RocklogTests" */;
			buildPhases = (
				EDC5E4282F3F109F00E7D855 /* Sources */,
				EDC5E4292F3F109F00E7D855 /* Frameworks */,
				EDC5E42A2F3F109F00E7D855 /* Resources */,
			);
			buildRules = (
			);
			dependencies = (
				EDC5E42E2F3F109F00E7D855 /* PBXTargetDependency */,
			);
			fileSystemSynchronizedGroups = (
				EDC5E42F2F3F109F00E7D855 /* RocklogTests */,
			);
			name = RocklogTests;
			packageProductDependencies = (
			);
			productName = RocklogTests;
			productReference = EDC5E42C2F3F109F00E7D855 /* RocklogTests.xctest */;
			productType = "com.apple.product-type.bundle.unit-test";
		};
		EDC5E4352F3F109F00E7D855 /* RocklogUITests */ = {
			isa = PBXNativeTarget;
			buildConfigurationList = EDC5E4462F3F109F00E7D855 /* Build configuration list for PBXNativeTarget "RocklogUITests" */;
			buildPhases = (
				EDC5E4322F3F109F00E7D855 /* Sources */,
				EDC5E4332F3F109F00E7D855 /* Frameworks */,
				EDC5E4342F3F109F00E7D855 /* Resources */,
			);
			buildRules = (
			);
			dependencies = (
				EDC5E4382F3F109F00E7D855 /* PBXTargetDependency */,
			);
			fileSystemSynchronizedGroups = (
				EDC5E4392F3F109F00E7D855 /* RocklogUITests */,
			);
			name = RocklogUITests;
			packageProductDependencies = (
			);
			productName = RocklogUITests;
			productReference = EDC5E4362F3F109F00E7D855 /* RocklogUITests.xctest */;
			productType = "com.apple.product-type.bundle.ui-testing";
		};
/* End PBXNativeTarget section */

/* Begin PBXProject section */
		EDC5E4122F3F109C00E7D855 /* Project object */ = {
			isa = PBXProject;
			attributes = {
				BuildIndependentTargetsInParallel = 1;
				LastSwiftUpdateCheck = 1620;
				LastUpgradeCheck = 1620;
				TargetAttributes = {
					EDC5E4192F3F109C00E7D855 = {
						CreatedOnToolsVersion = 16.2;
					};
					EDC5E42B2F3F109F00E7D855 = {
						CreatedOnToolsVersion = 16.2;
						TestTargetID = EDC5E4192F3F109C00E7D855;
					};
					EDC5E4352F3F109F00E7D855 = {
						CreatedOnToolsVersion = 16.2;
						TestTargetID = EDC5E4192F3F109C00E7D855;
					};
				};
			};
			buildConfigurationList = EDC5E4152F3F109C00E7D855 /* Build configuration list for PBXProject "Rocklog" */;
			developmentRegion = en;
			hasScannedForEncodings = 0;
			knownRegions = (
				en,
				Base,
			);
			mainGroup = EDC5E4112F3F109C00E7D855;
			minimizedProjectReferenceProxies = 1;
			preferredProjectObjectVersion = 77;
			productRefGroup = EDC5E41B2F3F109C00E7D855 /* Products */;
			projectDirPath = "";
			projectRoot = "";
			targets = (
				EDC5E4192F3F109C00E7D855 /* Rocklog */,
				EDC5E42B2F3F109F00E7D855 /* RocklogTests */,
				EDC5E4352F3F109F00E7D855 /* RocklogUITests */,
			);
		};
/* End PBXProject section */

/* Begin PBXResourcesBuildPhase section */
		EDC5E4182F3F109C00E7D855 /* Resources */ = {
			isa = PBXResourcesBuildPhase;
			buildActionMask = 2147483647;
			files = (
			);
			runOnlyForDeploymentPostprocessing = 0;
		};
		EDC5E42A2F3F109F00E7D855 /* Resources */ = {
			isa = PBXResourcesBuildPhase;
			buildActionMask = 2147483647;
			files = (
			);
			runOnlyForDeploymentPostprocessing = 0;
		};
		EDC5E4342F3F109F00E7D855 /* Resources */ = {
			isa = PBXResourcesBuildPhase;
			buildActionMask = 2147483647;
			files = (
			);
			runOnlyForDeploymentPostprocessing = 0;
		};
/* End PBXResourcesBuildPhase section */

/* Begin PBXSourcesBuildPhase section */
		EDC5E4162F3F109C00E7D855 /* Sources */ = {
			isa = PBXSourcesBuildPhase;
			buildActionMask = 2147483647;
			files = (
			);
			runOnlyForDeploymentPostprocessing = 0;
		};
		EDC5E4282F3F109F00E7D855 /* Sources */ = {
			isa = PBXSourcesBuildPhase;
			buildActionMask = 2147483647;
			files = (
			);
			runOnlyForDeploymentPostprocessing = 0;
		};
		EDC5E4322F3F109F00E7D855 /* Sources */ = {
			isa = PBXSourcesBuildPhase;
			buildActionMask = 2147483647;
			files = (
			);
			runOnlyForDeploymentPostprocessing = 0;
		};
/* End PBXSourcesBuildPhase section */

/* Begin PBXTargetDependency section */
		EDC5E42E2F3F109F00E7D855 /* PBXTargetDependency */ = {
			isa = PBXTargetDependency;
			target = EDC5E4192F3F109C00E7D855 /* Rocklog */;
			targetProxy = EDC5E42D2F3F109F00E7D855 /* PBXContainerItemProxy */;
		};
		EDC5E4382F3F109F00E7D855 /* PBXTargetDependency */ = {
			isa = PBXTargetDependency;
			target = EDC5E4192F3F109C00E7D855 /* Rocklog */;
			targetProxy = EDC5E4372F3F109F00E7D855 /* PBXContainerItemProxy */;
		};
/* End PBXTargetDependency section */

/* Begin XCBuildConfiguration section */
		EDC5E43E2F3F109F00E7D855 /* Debug */ = {
			isa = XCBuildConfiguration;
			buildSettings = {
				ALWAYS_SEARCH_USER_PATHS = NO;
				ASSETCATALOG_COMPILER_GENERATE_SWIFT_ASSET_SYMBOL_EXTENSIONS = YES;
				CLANG_ANALYZER_NONNULL = YES;
				CLANG_ANALYZER_NUMBER_OBJECT_CONVERSION = YES_AGGRESSIVE;
				CLANG_CXX_LANGUAGE_STANDARD = "gnu++20";
				CLANG_ENABLE_MODULES = YES;
				CLANG_ENABLE_OBJC_ARC = YES;
				CLANG_ENABLE_OBJC_WEAK = YES;
				CLANG_WARN_BLOCK_CAPTURE_AUTORELEASING = YES;
				CLANG_WARN_BOOL_CONVERSION = YES;
				CLANG_WARN_COMMA = YES;
				CLANG_WARN_CONSTANT_CONVERSION = YES;
				CLANG_WARN_DEPRECATED_OBJC_IMPLEMENTATIONS = YES;
				CLANG_WARN_DIRECT_OBJC_ISA_USAGE = YES_ERROR;
				CLANG_WARN_DOCUMENTATION_COMMENTS = YES;
				CLANG_WARN_EMPTY_BODY = YES;
				CLANG_WARN_ENUM_CONVERSION = YES;
				CLANG_WARN_INFINITE_RECURSION = YES;
				CLANG_WARN_INT_CONVERSION = YES;
				CLANG_WARN_NON_LITERAL_NULL_CONVERSION = YES;
				CLANG_WARN_OBJC_IMPLICIT_RETAIN_SELF = YES;
				CLANG_WARN_OBJC_LITERAL_CONVERSION = YES;
				CLANG_WARN_OBJC_ROOT_CLASS = YES_ERROR;
				CLANG_WARN_QUOTED_INCLUDE_IN_FRAMEWORK_HEADER = YES;
				CLANG_WARN_RANGE_LOOP_ANALYSIS = YES;
				CLANG_WARN_STRICT_PROTOTYPES = YES;
				CLANG_WARN_SUSPICIOUS_MOVE = YES;
				CLANG_WARN_UNGUARDED_AVAILABILITY = YES_AGGRESSIVE;
				CLANG_WARN_UNREACHABLE_CODE = YES;
				CLANG_WARN__DUPLICATE_METHOD_MATCH = YES;
				COPY_PHASE_STRIP = NO;
				DEBUG_INFORMATION_FORMAT = dwarf;
				ENABLE_STRICT_OBJC_MSGSEND = YES;
				ENABLE_TESTABILITY = YES;
				ENABLE_USER_SCRIPT_SANDBOXING = YES;
				GCC_C_LANGUAGE_STANDARD = gnu17;
				GCC_DYNAMIC_NO_PIC = NO;
				GCC_NO_COMMON_BLOCKS = YES;
				GCC_OPTIMIZATION_LEVEL = 0;
				GCC_PREPROCESSOR_DEFINITIONS = (
					"DEBUG=1",
					"$(inherited)",
				);
				GCC_WARN_64_TO_32_BIT_CONVERSION = YES;
				GCC_WARN_ABOUT_RETURN_TYPE = YES_ERROR;
				GCC_WARN_UNDECLARED_SELECTOR = YES;
				GCC_WARN_UNINITIALIZED_AUTOS = YES_AGGRESSIVE;
				GCC_WARN_UNUSED_FUNCTION = YES;
				GCC_WARN_UNUSED_VARIABLE = YES;
				IPHONEOS_DEPLOYMENT_TARGET = 18.2;
				LOCALIZATION_PREFERS_STRING_CATALOGS = YES;
				MTL_ENABLE_DEBUG_INFO = INCLUDE_SOURCE;
				MTL_FAST_MATH = YES;
				ONLY_ACTIVE_ARCH = YES;
				SDKROOT = iphoneos;
				SWIFT_ACTIVE_COMPILATION_CONDITIONS = "DEBUG $(inherited)";
				SWIFT_OPTIMIZATION_LEVEL = "-Onone";
			};
			name = Debug;
		};
		EDC5E43F2F3F109F00E7D855 /* Release */ = {
			isa = XCBuildConfiguration;
			buildSettings = {
				ALWAYS_SEARCH_USER_PATHS = NO;
				ASSETCATALOG_COMPILER_GENERATE_SWIFT_ASSET_SYMBOL_EXTENSIONS = YES;
				CLANG_ANALYZER_NONNULL = YES;
				CLANG_ANALYZER_NUMBER_OBJECT_CONVERSION = YES_AGGRESSIVE;
				CLANG_CXX_LANGUAGE_STANDARD = "gnu++20";
				CLANG_ENABLE_MODULES = YES;
				CLANG_ENABLE_OBJC_ARC = YES;
				CLANG_ENABLE_OBJC_WEAK = YES;
				CLANG_WARN_BLOCK_CAPTURE_AUTORELEASING = YES;
				CLANG_WARN_BOOL_CONVERSION = YES;
				CLANG_WARN_COMMA = YES;
				CLANG_WARN_CONSTANT_CONVERSION = YES;
				CLANG_WARN_DEPRECATED_OBJC_IMPLEMENTATIONS = YES;
				CLANG_WARN_DIRECT_OBJC_ISA_USAGE = YES_ERROR;
				CLANG_WARN_DOCUMENTATION_COMMENTS = YES;
				CLANG_WARN_EMPTY_BODY = YES;
				CLANG_WARN_ENUM_CONVERSION = YES;
				CLANG_WARN_INFINITE_RECURSION = YES;
				CLANG_WARN_INT_CONVERSION = YES;
				CLANG_WARN_NON_LITERAL_NULL_CONVERSION = YES;
				CLANG_WARN_OBJC_IMPLICIT_RETAIN_SELF = YES;
				CLANG_WARN_OBJC_LITERAL_CONVERSION = YES;
				CLANG_WARN_OBJC_ROOT_CLASS = YES_ERROR;
				CLANG_WARN_QUOTED_INCLUDE_IN_FRAMEWORK_HEADER = YES;
				CLANG_WARN_RANGE_LOOP_ANALYSIS = YES;
				CLANG_WARN_STRICT_PROTOTYPES = YES;
				CLANG_WARN_SUSPICIOUS_MOVE = YES;
				CLANG_WARN_UNGUARDED_AVAILABILITY = YES_AGGRESSIVE;
				CLANG_WARN_UNREACHABLE_CODE = YES;
				CLANG_WARN__DUPLICATE_METHOD_MATCH = YES;
				COPY_PHASE_STRIP = NO;
				DEBUG_INFORMATION_FORMAT = "dwarf-with-dsym";
				ENABLE_NS_ASSERTIONS = NO;
				ENABLE_STRICT_OBJC_MSGSEND = YES;
				ENABLE_USER_SCRIPT_SANDBOXING = YES;
				GCC_C_LANGUAGE_STANDARD = gnu17;
				GCC_NO_COMMON_BLOCKS = YES;
				GCC_WARN_64_TO_32_BIT_CONVERSION = YES;
				GCC_WARN_ABOUT_RETURN_TYPE = YES_ERROR;
				GCC_WARN_UNDECLARED_SELECTOR = YES;
				GCC_WARN_UNINITIALIZED_AUTOS = YES_AGGRESSIVE;
				GCC_WARN_UNUSED_FUNCTION = YES;
				GCC_WARN_UNUSED_VARIABLE = YES;
				IPHONEOS_DEPLOYMENT_TARGET = 18.2;
				LOCALIZATION_PREFERS_STRING_CATALOGS = YES;
				MTL_ENABLE_DEBUG_INFO = NO;
				MTL_FAST_MATH = YES;
				SDKROOT = iphoneos;
				SWIFT_COMPILATION_MODE = wholemodule;
				VALIDATE_PRODUCT = YES;
			};
			name = Release;
		};
		EDC5E4412F3F109F00E7D855 /* Debug */ = {
			isa = XCBuildConfiguration;
			buildSettings = {
				ASSETCATALOG_COMPILER_APPICON_NAME = AppIcon;
				ASSETCATALOG_COMPILER_GLOBAL_ACCENT_COLOR_NAME = AccentColor;
				CODE_SIGN_STYLE = Automatic;
				CURRENT_PROJECT_VERSION = 1;
				DEVELOPMENT_ASSET_PATHS = "\"Rocklog/Preview Content\"";
				ENABLE_PREVIEWS = YES;
				GENERATE_INFOPLIST_FILE = YES;
				INFOPLIST_KEY_UIApplicationSceneManifest_Generation = YES;
				INFOPLIST_KEY_UIApplicationSupportsIndirectInputEvents = YES;
				INFOPLIST_KEY_UILaunchScreen_Generation = YES;
				INFOPLIST_KEY_UISupportedInterfaceOrientations_iPad = "UIInterfaceOrientationPortrait UIInterfaceOrientationPortraitUpsideDown UIInterfaceOrientationLandscapeLeft UIInterfaceOrientationLandscapeRight";
				INFOPLIST_KEY_UISupportedInterfaceOrientations_iPhone = "UIInterfaceOrientationPortrait UIInterfaceOrientationLandscapeLeft UIInterfaceOrientationLandscapeRight";
				LD_RUNPATH_SEARCH_PATHS = (
					"$(inherited)",
					"@executable_path/Frameworks",
				);
				MARKETING_VERSION = 1.0;
				PRODUCT_BUNDLE_IDENTIFIER = RyanVu.Rocklog;
				PRODUCT_NAME = "$(TARGET_NAME)";
				SWIFT_EMIT_LOC_STRINGS = YES;
				SWIFT_VERSION = 5.0;
				TARGETED_DEVICE_FAMILY = "1,2";
			};
			name = Debug;
		};
		EDC5E4422F3F109F00E7D855 /* Release */ = {
			isa = XCBuildConfiguration;
			buildSettings = {
				ASSETCATALOG_COMPILER_APPICON_NAME = AppIcon;
				ASSETCATALOG_COMPILER_GLOBAL_ACCENT_COLOR_NAME = AccentColor;
				CODE_SIGN_STYLE = Automatic;
				CURRENT_PROJECT_VERSION = 1;
				DEVELOPMENT_ASSET_PATHS = "\"Rocklog/Preview Content\"";
				ENABLE_PREVIEWS = YES;
				GENERATE_INFOPLIST_FILE = YES;
				INFOPLIST_KEY_UIApplicationSceneManifest_Generation = YES;
				INFOPLIST_KEY_UIApplicationSupportsIndirectInputEvents = YES;
				INFOPLIST_KEY_UILaunchScreen_Generation = YES;
				INFOPLIST_KEY_UISupportedInterfaceOrientations_iPad = "UIInterfaceOrientationPortrait UIInterfaceOrientationPortraitUpsideDown UIInterfaceOrientationLandscapeLeft UIInterfaceOrientationLandscapeRight";
				INFOPLIST_KEY_UISupportedInterfaceOrientations_iPhone = "UIInterfaceOrientationPortrait UIInterfaceOrientationLandscapeLeft UIInterfaceOrientationLandscapeRight";
				LD_RUNPATH_SEARCH_PATHS = (
					"$(inherited)",
					"@executable_path/Frameworks",
				);
				MARKETING_VERSION = 1.0;
				PRODUCT_BUNDLE_IDENTIFIER = RyanVu.Rocklog;
				PRODUCT_NAME = "$(TARGET_NAME)";
				SWIFT_EMIT_LOC_STRINGS = YES;
				SWIFT_VERSION = 5.0;
				TARGETED_DEVICE_FAMILY = "1,2";
			};
			name = Release;
		};
		EDC5E4442F3F109F00E7D855 /* Debug */ = {
			isa = XCBuildConfiguration;
			buildSettings = {
				BUNDLE_LOADER = "$(TEST_HOST)";
				CODE_SIGN_STYLE = Automatic;
				CURRENT_PROJECT_VERSION = 1;
				GENERATE_INFOPLIST_FILE = YES;
				IPHONEOS_DEPLOYMENT_TARGET = 18.2;
				MARKETING_VERSION = 1.0;
				PRODUCT_BUNDLE_IDENTIFIER = RyanVu.RocklogTests;
				PRODUCT_NAME = "$(TARGET_NAME)";
				SWIFT_EMIT_LOC_STRINGS = NO;
				SWIFT_VERSION = 5.0;
				TARGETED_DEVICE_FAMILY = "1,2";
				TEST_HOST = "$(BUILT_PRODUCTS_DIR)/Rocklog.app/$(BUNDLE_EXECUTABLE_FOLDER_PATH)/Rocklog";
			};
			name = Debug;
		};
		EDC5E4452F3F109F00E7D855 /* Release */ = {
			isa = XCBuildConfiguration;
			buildSettings = {
				BUNDLE_LOADER = "$(TEST_HOST)";
				CODE_SIGN_STYLE = Automatic;
				CURRENT_PROJECT_VERSION = 1;
				GENERATE_INFOPLIST_FILE = YES;
				IPHONEOS_DEPLOYMENT_TARGET = 18.2;
				MARKETING_VERSION = 1.0;
				PRODUCT_BUNDLE_IDENTIFIER = RyanVu.RocklogTests;
				PRODUCT_NAME = "$(TARGET_NAME)";
				SWIFT_EMIT_LOC_STRINGS = NO;
				SWIFT_VERSION = 5.0;
				TARGETED_DEVICE_FAMILY = "1,2";
				TEST_HOST = "$(BUILT_PRODUCTS_DIR)/Rocklog.app/$(BUNDLE_EXECUTABLE_FOLDER_PATH)/Rocklog";
			};
			name = Release;
		};
		EDC5E4472F3F109F00E7D855 /* Debug */ = {
			isa = XCBuildConfiguration;
			buildSettings = {
				CODE_SIGN_STYLE = Automatic;
				CURRENT_PROJECT_VERSION = 1;
				GENERATE_INFOPLIST_FILE = YES;
				MARKETING_VERSION = 1.0;
				PRODUCT_BUNDLE_IDENTIFIER = RyanVu.RocklogUITests;
				PRODUCT_NAME = "$(TARGET_NAME)";
				SWIFT_EMIT_LOC_STRINGS = NO;
				SWIFT_VERSION = 5.0;
				TARGETED_DEVICE_FAMILY = "1,2";
				TEST_TARGET_NAME = Rocklog;
			};
			name = Debug;
		};
		EDC5E4482F3F109F00E7D855 /* Release */ = {
			isa = XCBuildConfiguration;
			buildSettings = {
				CODE_SIGN_STYLE = Automatic;
				CURRENT_PROJECT_VERSION = 1;
				GENERATE_INFOPLIST_FILE = YES;
				MARKETING_VERSION = 1.0;
				PRODUCT_BUNDLE_IDENTIFIER = RyanVu.RocklogUITests;
				PRODUCT_NAME = "$(TARGET_NAME)";
				SWIFT_EMIT_LOC_STRINGS = NO;
				SWIFT_VERSION = 5.0;
				TARGETED_DEVICE_FAMILY = "1,2";
				TEST_TARGET_NAME = Rocklog;
			};
			name = Release;
		};
/* End XCBuildConfiguration section */

/* Begin XCConfigurationList section */
		EDC5E4152F3F109C00E7D855 /* Build configuration list for PBXProject "Rocklog" */ = {
			isa = XCConfigurationList;
			buildConfigurations = (
				EDC5E43E2F3F109F00E7D855 /* Debug */,
				EDC5E43F2F3F109F00E7D855 /* Release */,
			);
			defaultConfigurationIsVisible = 0;
			defaultConfigurationName = Release;
		};
		EDC5E4402F3F109F00E7D855 /* Build configuration list for PBXNativeTarget "Rocklog" */ = {
			isa = XCConfigurationList;
			buildConfigurations = (
				EDC5E4412F3F109F00E7D855 /* Debug */,
				EDC5E4422F3F109F00E7D855 /* Release */,
			);
			defaultConfigurationIsVisible = 0;
			defaultConfigurationName = Release;
		};
		EDC5E4432F3F109F00E7D855 /* Build configuration list for PBXNativeTarget "RocklogTests" */ = {
			isa = XCConfigurationList;
			buildConfigurations = (
				EDC5E4442F3F109F00E7D855 /* Debug */,
				EDC5E4452F3F109F00E7D855 /* Release */,
			);
			defaultConfigurationIsVisible = 0;
			defaultConfigurationName = Release;
		};
		EDC5E4462F3F109F00E7D855 /* Build configuration list for PBXNativeTarget "RocklogUITests" */ = {
			isa = XCConfigurationList;
			buildConfigurations = (
				EDC5E4472F3F109F00E7D855 /* Debug */,
				EDC5E4482F3F109F00E7D855 /* Release */,
			);
			defaultConfigurationIsVisible = 0;
			defaultConfigurationName = Release;
		};
/* End XCConfigurationList section */
	};
	rootObject = EDC5E4122F3F109C00E7D855 /* Project object */;
}
